
Microsoft Visual Studio Solution File, Format Version 12.00
# Visual Studio 2012
Project("{FAE04EC0-301F-11D3-BF4B-00C04F79EFBC}") = "CBSM UI", "CBSM UI\CBSM UI.csproj", "{D2846326-DE5D-4EFA-AC47-EB941E558312}"
EndProject
Project("{FAE04EC0-301F-11D3-BF4B-00C04F79EFBC}") = "CBSM Web", "CBSM Web\CBSM Web.csproj", "{CEE973D5-3804-40BF-89DC-F3E48DA3FFFC}"
EndProject
Project("{FAE04EC0-301F-11D3-BF4B-00C04F79EFBC}") = "CBSM", "CBSM\CBSM.csproj", "{F85534B6-097C-4DB2-BCBC-22CC2D39472E}"
EndProject
Global
	GlobalSection(SolutionConfigurationPlatforms) = preSolution
		Debug|Any CPU = Debug|Any CPU
		Release|Any CPU = Release|Any CPU
	EndGlobalSection
	GlobalSection(ProjectConfigurationPlatforms) = postSolution
		{D2846326-DE5D-4EFA-AC47-EB941E558312}.Debug|Any CPU.ActiveCfg = Debug|Any CPU
		{D2846326-DE5D-4EFA-AC47-EB941E558312}.Debug|Any CPU.Build.0 = Debug|Any CPU
		{D2846326-DE5D-4EFA-AC47-EB941E558312}.Release|Any CPU.ActiveCfg = Release|Any CPU
		{D2846326-DE5D-4EFA-AC47-EB941E558312}.Release|Any CPU.Build.0 = Release|Any CPU
		{CEE973D5-3804-40BF-89DC-F3E48DA3FFFC}.Debug|Any CPU.ActiveCfg = Debug|Any CPU
		{CEE973D5-3804-40BF-89DC-F3E48DA3FFFC}.Debug|Any CPU.Build.0 = Debug|Any CPU
		{CEE973D5-3804-40BF-89DC-F3E48DA3FFFC}.Release|Any CPU.ActiveCfg = Release|Any CPU
		{CEE973D5-3804-40BF-89DC-F3E48DA3FFFC}.Release|Any CPU.Build.0 = Release|Any CPU
		{F85534B6-097C-4DB2-BCBC-22CC2D39472E}.Debug|Any CPU.ActiveCfg = Debug|Any CPU
		{F85534B6-097C-4DB2-BCBC-22CC2D39472E}.Debug|Any CPU.Build.0 = Debug|Any CPU
		{F85534B6-097C-4DB2-BCBC-22CC2D39472E}.Release|Any CPU.ActiveCfg = Release|Any CPU
		{F85534B6-097C-4DB2-BCBC-22CC2D39472E}.Release|Any CPU.Build.0 = Release|Any CPU
	EndGlobalSection
	GlobalSection(SolutionProperties) = preSolution
		HideSolutionNode = FALSE
	EndGlobalSection
EndGlobal
